
Microsoft Visual Studio Solution File, Format Version 12.00
# Visual Studio Version 17
VisualStudioVersion = 17.1.32319.34
MinimumVisualStudioVersion = 10.0.40219.1
Project("{FAE04EC0-301F-11D3-BF4B-00C04F79EFBC}") = "WebAdvert.Web", "WebAdvert.Web.csproj", "{989B749B-67EB-4FF7-9576-9790F2649E21}"
EndProject
Global
	GlobalSection(SolutionConfigurationPlatforms) = preSolution
		Debug|Any CPU = Debug|Any CPU
		Release|Any CPU = Release|Any CPU
	EndGlobalSection
	GlobalSection(ProjectConfigurationPlatforms) = postSolution
		{989B749B-67EB-4FF7-9576-9790F2649E21}.Debug|Any CPU.ActiveCfg = Debug|Any CPU
		{989B749B-67EB-4FF7-9576-9790F2649E21}.Debug|Any CPU.Build.0 = Debug|Any CPU
		{989B749B-67EB-4FF7-9576-9790F2649E21}.Release|Any CPU.ActiveCfg = Release|Any CPU
		{989B749B-67EB-4FF7-9576-9790F2649E21}.Release|Any CPU.Build.0 = Release|Any CPU
	EndGlobalSection
	GlobalSection(SolutionProperties) = preSolution
		HideSolutionNode = FALSE
	EndGlobalSection
	GlobalSection(ExtensibilityGlobals) = postSolution
		SolutionGuid = {56DE85B5-24BD-470F-B178-C9DE27ACFA1F}
	EndGlobalSection
EndGlobal
